
Microsoft Visual Studio Solution File, Format Version 12.00
# Visual Studio Version 17
VisualStudioVersion = 17.11.35222.181
MinimumVisualStudioVersion = 10.0.40219.1
Project("{E24C65DC-7377-472B-9ABA-BC803B73C61A}") = "my_yolo_train_tool", ".", "{FEBEAD18-0793-4A92-93AA-DE2F04B8C693}"
	ProjectSection(WebsiteProperties) = preProject
		TargetFrameworkMoniker = ".NETFramework,Version%3Dv4.0"
		Debug.AspNetCompiler.VirtualPath = "/localhost_7978"
		Debug.AspNetCompiler.PhysicalPath = "..\..\..\OneDrive\Desktop\my_yolo_train_tool\"
		Debug.AspNetCompiler.TargetPath = "PrecompiledWeb\localhost_7978\"
		Debug.AspNetCompiler.Updateable = "true"
		Debug.AspNetCompiler.ForceOverwrite = "true"
		Debug.AspNetCompiler.FixedNames = "false"
		Debug.AspNetCompiler.Debug = "True"
		Release.AspNetCompiler.VirtualPath = "/localhost_7978"
		Release.AspNetCompiler.PhysicalPath = "..\..\..\OneDrive\Desktop\my_yolo_train_tool\"
		Release.AspNetCompiler.TargetPath = "PrecompiledWeb\localhost_7978\"
		Release.AspNetCompiler.Updateable = "true"
		Release.AspNetCompiler.ForceOverwrite = "true"
		Release.AspNetCompiler.FixedNames = "false"
		Release.AspNetCompiler.Debug = "False"
		VWDPort = "7978"
	EndProjectSection
EndProject
Global
	GlobalSection(SolutionConfigurationPlatforms) = preSolution
		Debug|Any CPU = Debug|Any CPU
	EndGlobalSection
	GlobalSection(ProjectConfigurationPlatforms) = postSolution
		{FEBEAD18-0793-4A92-93AA-DE2F04B8C693}.Debug|Any CPU.ActiveCfg = Debug|Any CPU
		{FEBEAD18-0793-4A92-93AA-DE2F04B8C693}.Debug|Any CPU.Build.0 = Debug|Any CPU
	EndGlobalSection
	GlobalSection(SolutionProperties) = preSolution
		HideSolutionNode = FALSE
	EndGlobalSection
	GlobalSection(ExtensibilityGlobals) = postSolution
		SolutionGuid = {5C99A74F-57EB-4445-A454-F3954539BD74}
	EndGlobalSection
EndGlobal
